
Microsoft Visual Studio Solution File, Format Version 12.00
# Visual Studio Version 17
VisualStudioVersion = 17.5.33516.290
MinimumVisualStudioVersion = 10.0.40219.1
Project("{FAE04EC0-301F-11D3-BF4B-00C04F79EFBC}") = "CursoWindowsForms", "CursoWindowsForms\CursoWindowsForms.csproj", "{37BA0393-ED69-43FF-81C1-D574B79EC5BB}"
EndProject
Global
	GlobalSection(SolutionConfigurationPlatforms) = preSolution
		Debug|Any CPU = Debug|Any CPU
		Release|Any CPU = Release|Any CPU
	EndGlobalSection
	GlobalSection(ProjectConfigurationPlatforms) = postSolution
		{37BA0393-ED69-43FF-81C1-D574B79EC5BB}.Debug|Any CPU.ActiveCfg = Debug|Any CPU
		{37BA0393-ED69-43FF-81C1-D574B79EC5BB}.Debug|Any CPU.Build.0 = Debug|Any CPU
		{37BA0393-ED69-43FF-81C1-D574B79EC5BB}.Release|Any CPU.ActiveCfg = Release|Any CPU
		{37BA0393-ED69-43FF-81C1-D574B79EC5BB}.Release|Any CPU.Build.0 = Release|Any CPU
	EndGlobalSection
	GlobalSection(SolutionProperties) = preSolution
		HideSolutionNode = FALSE
	EndGlobalSection
	GlobalSection(ExtensibilityGlobals) = postSolution
		SolutionGuid = {EC0BC45F-3CFD-4B3A-B329-E0D0E3693CA1}
	EndGlobalSection
EndGlobal
